
Microsoft Visual Studio Solution File, Format Version 12.00
# Visual Studio 15
VisualStudioVersion = 15.0.27703.2018
MinimumVisualStudioVersion = 10.0.40219.1
Project("{FAE04EC0-301F-11D3-BF4B-00C04F79EFBC}") = "StateData", "StateData\StateData.csproj", "{B42AD97E-CD0D-4C0B-BD13-0DB06AAB6F04}"
EndProject
Global
	GlobalSection(SolutionConfigurationPlatforms) = preSolution
		Debug|Any CPU = Debug|Any CPU
		Release|Any CPU = Release|Any CPU
	EndGlobalSection
	GlobalSection(ProjectConfigurationPlatforms) = postSolution
		{B42AD97E-CD0D-4C0B-BD13-0DB06AAB6F04}.Debug|Any CPU.ActiveCfg = Debug|Any CPU
		{B42AD97E-CD0D-4C0B-BD13-0DB06AAB6F04}.Debug|Any CPU.Build.0 = Debug|Any CPU
		{B42AD97E-CD0D-4C0B-BD13-0DB06AAB6F04}.Release|Any CPU.ActiveCfg = Release|Any CPU
		{B42AD97E-CD0D-4C0B-BD13-0DB06AAB6F04}.Release|Any CPU.Build.0 = Release|Any CPU
	EndGlobalSection
	GlobalSection(SolutionProperties) = preSolution
		HideSolutionNode = FALSE
	EndGlobalSection
	GlobalSection(ExtensibilityGlobals) = postSolution
		SolutionGuid = {0BCED55A-0CA4-47FE-A8D9-A31DDCE08433}
	EndGlobalSection
EndGlobal
